{
  "requires": true,
  "lockfileVersion": 1,
  "dependencies": {
    "acorn-walk": {
      "version": "6.1.0",
      "resolved": "https://registry.npmjs.org/acorn-walk/-/acorn-walk-6.1.0.tgz",
      "integrity": "sha512-ugTb7Lq7u4GfWSqqpwE0bGyoBZNMTok/zDBXxfEG0QM50jNlGhIWjRC1pPN7bvV1anhF+bs+/gNcRw+o55Evbg=="
    }
  }
}
